
Microsoft Visual Studio Solution File, Format Version 12.00
# Visual Studio 15
VisualStudioVersion = 15.0.26124.0
MinimumVisualStudioVersion = 15.0.26124.0
Project("{2150E333-8FDC-42A3-9474-1A3956D46DE8}") = "src", "src", "{777ECB0C-C09F-492E-9ECC-42A9485B15B1}"
EndProject
Project("{FAE04EC0-301F-11D3-BF4B-00C04F79EFBC}") = "GradeBook", "src\GradeBook\GradeBook.csproj", "{4384D070-65B1-4FC7-BD7B-41D096BC9F4D}"
EndProject
Project("{2150E333-8FDC-42A3-9474-1A3956D46DE8}") = "test", "test", "{C2F403CF-B34F-42B0-BA19-2C78368596FD}"
EndProject
Project("{FAE04EC0-301F-11D3-BF4B-00C04F79EFBC}") = "GradeBook.Tests", "test\GradeBook.Tests\GradeBook.Tests.csproj", "{F2DF7B44-CEC3-4CEC-9EE5-0BCB9D142543}"
EndProject
Global
	GlobalSection(SolutionConfigurationPlatforms) = preSolution
		Debug|Any CPU = Debug|Any CPU
		Debug|x64 = Debug|x64
		Debug|x86 = Debug|x86
		Release|Any CPU = Release|Any CPU
		Release|x64 = Release|x64
		Release|x86 = Release|x86
	EndGlobalSection
	GlobalSection(SolutionProperties) = preSolution
		HideSolutionNode = FALSE
	EndGlobalSection
	GlobalSection(ProjectConfigurationPlatforms) = postSolution
		{4384D070-65B1-4FC7-BD7B-41D096BC9F4D}.Debug|Any CPU.ActiveCfg = Debug|Any CPU
		{4384D070-65B1-4FC7-BD7B-41D096BC9F4D}.Debug|Any CPU.Build.0 = Debug|Any CPU
		{4384D070-65B1-4FC7-BD7B-41D096BC9F4D}.Debug|x64.ActiveCfg = Debug|Any CPU
		{4384D070-65B1-4FC7-BD7B-41D096BC9F4D}.Debug|x64.Build.0 = Debug|Any CPU
		{4384D070-65B1-4FC7-BD7B-41D096BC9F4D}.Debug|x86.ActiveCfg = Debug|Any CPU
		{4384D070-65B1-4FC7-BD7B-41D096BC9F4D}.Debug|x86.Build.0 = Debug|Any CPU
		{4384D070-65B1-4FC7-BD7B-41D096BC9F4D}.Release|Any CPU.ActiveCfg = Release|Any CPU
		{4384D070-65B1-4FC7-BD7B-41D096BC9F4D}.Release|Any CPU.Build.0 = Release|Any CPU
		{4384D070-65B1-4FC7-BD7B-41D096BC9F4D}.Release|x64.ActiveCfg = Release|Any CPU
		{4384D070-65B1-4FC7-BD7B-41D096BC9F4D}.Release|x64.Build.0 = Release|Any CPU
		{4384D070-65B1-4FC7-BD7B-41D096BC9F4D}.Release|x86.ActiveCfg = Release|Any CPU
		{4384D070-65B1-4FC7-BD7B-41D096BC9F4D}.Release|x86.Build.0 = Release|Any CPU
		{F2DF7B44-CEC3-4CEC-9EE5-0BCB9D142543}.Debug|Any CPU.ActiveCfg = Debug|Any CPU
		{F2DF7B44-CEC3-4CEC-9EE5-0BCB9D142543}.Debug|Any CPU.Build.0 = Debug|Any CPU
		{F2DF7B44-CEC3-4CEC-9EE5-0BCB9D142543}.Debug|x64.ActiveCfg = Debug|Any CPU
		{F2DF7B44-CEC3-4CEC-9EE5-0BCB9D142543}.Debug|x64.Build.0 = Debug|Any CPU
		{F2DF7B44-CEC3-4CEC-9EE5-0BCB9D142543}.Debug|x86.ActiveCfg = Debug|Any CPU
		{F2DF7B44-CEC3-4CEC-9EE5-0BCB9D142543}.Debug|x86.Build.0 = Debug|Any CPU
		{F2DF7B44-CEC3-4CEC-9EE5-0BCB9D142543}.Release|Any CPU.ActiveCfg = Release|Any CPU
		{F2DF7B44-CEC3-4CEC-9EE5-0BCB9D142543}.Release|Any CPU.Build.0 = Release|Any CPU
		{F2DF7B44-CEC3-4CEC-9EE5-0BCB9D142543}.Release|x64.ActiveCfg = Release|Any CPU
		{F2DF7B44-CEC3-4CEC-9EE5-0BCB9D142543}.Release|x64.Build.0 = Release|Any CPU
		{F2DF7B44-CEC3-4CEC-9EE5-0BCB9D142543}.Release|x86.ActiveCfg = Release|Any CPU
		{F2DF7B44-CEC3-4CEC-9EE5-0BCB9D142543}.Release|x86.Build.0 = Release|Any CPU
	EndGlobalSection
	GlobalSection(NestedProjects) = preSolution
		{4384D070-65B1-4FC7-BD7B-41D096BC9F4D} = {777ECB0C-C09F-492E-9ECC-42A9485B15B1}
		{F2DF7B44-CEC3-4CEC-9EE5-0BCB9D142543} = {C2F403CF-B34F-42B0-BA19-2C78368596FD}
	EndGlobalSection
EndGlobal
